
Microsoft Visual Studio Solution File, Format Version 12.00
# Visual Studio Version 17
VisualStudioVersion = 17.11.34929.205
MinimumVisualStudioVersion = 10.0.40219.1
Project("{2150E333-8FDC-42A3-9474-1A3956D46DE8}") = "test", "test", "{53654337-FF17-4F13-A081-69801A2AE290}"
EndProject
Project("{2150E333-8FDC-42A3-9474-1A3956D46DE8}") = "src", "src", "{A7FA457D-7E77-4B21-958F-F45A51EF8163}"
EndProject
Project("{2150E333-8FDC-42A3-9474-1A3956D46DE8}") = "解决方案项", "解决方案项", "{4F7B106B-3D66-4ED2-9547-B4372B2352B9}"
	ProjectSection(SolutionItems) = preProject
		.gitignore = .gitignore
		Directory.Build.props = Directory.Build.props
		logo.png = logo.png
		README-zh_CN.md = README-zh_CN.md
		README.md = README.md
	EndProjectSection
EndProject
Project("{9A19103F-16F7-4668-BE54-9A1E7A4F7556}") = "CodeWF.Tools", "src\CodeWF.Tools\CodeWF.Tools.csproj", "{915B121A-8358-4B8F-9D51-FBB75C5F42A7}"
EndProject
Project("{9A19103F-16F7-4668-BE54-9A1E7A4F7556}") = "CodeWF.Tools.Test", "src\CodeWF.Tools.Test\CodeWF.Tools.Test.csproj", "{8CCDFF3A-006D-440A-949C-76055BCFCA2F}"
EndProject
Global
	GlobalSection(SolutionConfigurationPlatforms) = preSolution
		Debug|Any CPU = Debug|Any CPU
		Release|Any CPU = Release|Any CPU
	EndGlobalSection
	GlobalSection(ProjectConfigurationPlatforms) = postSolution
		{915B121A-8358-4B8F-9D51-FBB75C5F42A7}.Debug|Any CPU.ActiveCfg = Debug|Any CPU
		{915B121A-8358-4B8F-9D51-FBB75C5F42A7}.Debug|Any CPU.Build.0 = Debug|Any CPU
		{915B121A-8358-4B8F-9D51-FBB75C5F42A7}.Release|Any CPU.ActiveCfg = Release|Any CPU
		{915B121A-8358-4B8F-9D51-FBB75C5F42A7}.Release|Any CPU.Build.0 = Release|Any CPU
		{8CCDFF3A-006D-440A-949C-76055BCFCA2F}.Debug|Any CPU.ActiveCfg = Debug|Any CPU
		{8CCDFF3A-006D-440A-949C-76055BCFCA2F}.Debug|Any CPU.Build.0 = Debug|Any CPU
		{8CCDFF3A-006D-440A-949C-76055BCFCA2F}.Release|Any CPU.ActiveCfg = Release|Any CPU
		{8CCDFF3A-006D-440A-949C-76055BCFCA2F}.Release|Any CPU.Build.0 = Release|Any CPU
	EndGlobalSection
	GlobalSection(SolutionProperties) = preSolution
		HideSolutionNode = FALSE
	EndGlobalSection
	GlobalSection(NestedProjects) = preSolution
		{915B121A-8358-4B8F-9D51-FBB75C5F42A7} = {A7FA457D-7E77-4B21-958F-F45A51EF8163}
		{8CCDFF3A-006D-440A-949C-76055BCFCA2F} = {53654337-FF17-4F13-A081-69801A2AE290}
	EndGlobalSection
	GlobalSection(ExtensibilityGlobals) = postSolution
		SolutionGuid = {7685ED0A-581B-42BC-9613-64AD00D124D6}
	EndGlobalSection
EndGlobal
